
Microsoft Visual Studio Solution File, Format Version 12.00
# Visual Studio 15
VisualStudioVersion = 15.0.28307.1231
MinimumVisualStudioVersion = 10.0.40219.1
Project("{FAE04EC0-301F-11D3-BF4B-00C04F79EFBC}") = "WebAPI", "WebAPI\WebAPI.csproj", "{FD66D0EF-7AEA-4948-8754-5E2216698B61}"
EndProject
Global
	GlobalSection(SolutionConfigurationPlatforms) = preSolution
		Debug|Any CPU = Debug|Any CPU
		Release|Any CPU = Release|Any CPU
	EndGlobalSection
	GlobalSection(ProjectConfigurationPlatforms) = postSolution
		{FD66D0EF-7AEA-4948-8754-5E2216698B61}.Debug|Any CPU.ActiveCfg = Debug|Any CPU
		{FD66D0EF-7AEA-4948-8754-5E2216698B61}.Debug|Any CPU.Build.0 = Debug|Any CPU
		{FD66D0EF-7AEA-4948-8754-5E2216698B61}.Release|Any CPU.ActiveCfg = Release|Any CPU
		{FD66D0EF-7AEA-4948-8754-5E2216698B61}.Release|Any CPU.Build.0 = Release|Any CPU
	EndGlobalSection
	GlobalSection(SolutionProperties) = preSolution
		HideSolutionNode = FALSE
	EndGlobalSection
	GlobalSection(ExtensibilityGlobals) = postSolution
		SolutionGuid = {13D0E26C-F9D9-44CB-A470-ADAF969302C0}
	EndGlobalSection
EndGlobal
